
Microsoft Visual Studio Solution File, Format Version 12.00
# Visual Studio 15
VisualStudioVersion = 15.0.27004.2008
MinimumVisualStudioVersion = 10.0.40219.1
Project("{2150E333-8FDC-42A3-9474-1A3956D46DE8}") = "src", "src", "{7FF7CB7C-6377-4B68-A512-6379B6F47FF7}"
EndProject
Project("{9A19103F-16F7-4668-BE54-9A1E7A4F7556}") = "GlassSun", "src\GlassSun\GlassSun.csproj", "{AAD70495-FFAE-4247-803C-69A7EB79CA42}"
EndProject
Project("{E53339B2-1760-4266-BCC7-CA923CBCF16C}") = "docker-compose", "docker-compose.dcproj", "{213F636A-BC22-4154-B49A-F7A3BDB2A780}"
EndProject
Project("{2150E333-8FDC-42A3-9474-1A3956D46DE8}") = "k8s-config", "k8s-config", "{B693A834-9F30-43F6-9ECD-182437FB09E0}"
EndProject
Project("{9A19103F-16F7-4668-BE54-9A1E7A4F7556}") = "OnyxLion", "src\OnyxLion\OnyxLion.csproj", "{1AB5077E-0C13-4168-A191-00F6B3244118}"
EndProject
Global
	GlobalSection(SolutionConfigurationPlatforms) = preSolution
		Debug|Any CPU = Debug|Any CPU
		Release|Any CPU = Release|Any CPU
	EndGlobalSection
	GlobalSection(ProjectConfigurationPlatforms) = postSolution
		{AAD70495-FFAE-4247-803C-69A7EB79CA42}.Debug|Any CPU.ActiveCfg = Debug|Any CPU
		{AAD70495-FFAE-4247-803C-69A7EB79CA42}.Debug|Any CPU.Build.0 = Debug|Any CPU
		{AAD70495-FFAE-4247-803C-69A7EB79CA42}.Release|Any CPU.ActiveCfg = Release|Any CPU
		{AAD70495-FFAE-4247-803C-69A7EB79CA42}.Release|Any CPU.Build.0 = Release|Any CPU
		{213F636A-BC22-4154-B49A-F7A3BDB2A780}.Debug|Any CPU.ActiveCfg = Debug|Any CPU
		{213F636A-BC22-4154-B49A-F7A3BDB2A780}.Debug|Any CPU.Build.0 = Debug|Any CPU
		{213F636A-BC22-4154-B49A-F7A3BDB2A780}.Release|Any CPU.ActiveCfg = Release|Any CPU
		{213F636A-BC22-4154-B49A-F7A3BDB2A780}.Release|Any CPU.Build.0 = Release|Any CPU
		{1AB5077E-0C13-4168-A191-00F6B3244118}.Debug|Any CPU.ActiveCfg = Debug|Any CPU
		{1AB5077E-0C13-4168-A191-00F6B3244118}.Debug|Any CPU.Build.0 = Debug|Any CPU
		{1AB5077E-0C13-4168-A191-00F6B3244118}.Release|Any CPU.ActiveCfg = Release|Any CPU
		{1AB5077E-0C13-4168-A191-00F6B3244118}.Release|Any CPU.Build.0 = Release|Any CPU
	EndGlobalSection
	GlobalSection(SolutionProperties) = preSolution
		HideSolutionNode = FALSE
	EndGlobalSection
	GlobalSection(NestedProjects) = preSolution
		{AAD70495-FFAE-4247-803C-69A7EB79CA42} = {7FF7CB7C-6377-4B68-A512-6379B6F47FF7}
		{1AB5077E-0C13-4168-A191-00F6B3244118} = {7FF7CB7C-6377-4B68-A512-6379B6F47FF7}
	EndGlobalSection
	GlobalSection(ExtensibilityGlobals) = postSolution
		SolutionGuid = {002885C0-6FE0-484B-A386-494CF7992A8B}
	EndGlobalSection
EndGlobal
